
Microsoft Visual Studio Solution File, Format Version 12.00
# Visual Studio Version 17
VisualStudioVersion = 17.12.35527.113
MinimumVisualStudioVersion = 10.0.40219.1
Project("{FAE04EC0-301F-11D3-BF4B-00C04F79EFBC}") = "acessgroup-csharpapp", "acessgroup-csharpapp\acessgroup-csharpapp.csproj", "{399A7294-20A0-44B3-9528-151FE66BD775}"
EndProject
Project("{FAE04EC0-301F-11D3-BF4B-00C04F79EFBC}") = "csharp-testing", "csharp-testing\csharp-testing.csproj", "{C32B749F-651D-4900-A46A-E2325A45EF33}"
EndProject
Global
	GlobalSection(SolutionConfigurationPlatforms) = preSolution
		Debug|Any CPU = Debug|Any CPU
		Release|Any CPU = Release|Any CPU
	EndGlobalSection
	GlobalSection(ProjectConfigurationPlatforms) = postSolution
		{399A7294-20A0-44B3-9528-151FE66BD775}.Debug|Any CPU.ActiveCfg = Debug|Any CPU
		{399A7294-20A0-44B3-9528-151FE66BD775}.Debug|Any CPU.Build.0 = Debug|Any CPU
		{399A7294-20A0-44B3-9528-151FE66BD775}.Release|Any CPU.ActiveCfg = Release|Any CPU
		{399A7294-20A0-44B3-9528-151FE66BD775}.Release|Any CPU.Build.0 = Release|Any CPU
		{C32B749F-651D-4900-A46A-E2325A45EF33}.Debug|Any CPU.ActiveCfg = Debug|x64
		{C32B749F-651D-4900-A46A-E2325A45EF33}.Debug|Any CPU.Build.0 = Debug|x64
		{C32B749F-651D-4900-A46A-E2325A45EF33}.Debug|Any CPU.Deploy.0 = Debug|x64
		{C32B749F-651D-4900-A46A-E2325A45EF33}.Release|Any CPU.ActiveCfg = Release|x64
		{C32B749F-651D-4900-A46A-E2325A45EF33}.Release|Any CPU.Build.0 = Release|x64
		{C32B749F-651D-4900-A46A-E2325A45EF33}.Release|Any CPU.Deploy.0 = Release|x64
	EndGlobalSection
	GlobalSection(SolutionProperties) = preSolution
		HideSolutionNode = FALSE
	EndGlobalSection
EndGlobal
